
Microsoft Visual Studio Solution File, Format Version 12.00
# Visual Studio 15
VisualStudioVersion = 15.0.27703.2018
MinimumVisualStudioVersion = 10.0.40219.1
Project("{8BC9CEB8-8B4A-11D0-8D11-00A0C91BC942}") = "01.StaticLibrarySourceCode", "StaticLibrarySourceCode\StaticLibrarySourceCode.vcxproj", "{C7CD7E7E-A4EC-478A-8328-13D2DC681CD8}"
EndProject
Project("{8BC9CEB8-8B4A-11D0-8D11-00A0C91BC942}") = "00.MyStaticLibrary", "MyStaticLibrary\MyStaticLibrary.vcxproj", "{158CC441-198F-473A-B865-322CBFDF66DB}"
EndProject
Project("{8BC9CEB8-8B4A-11D0-8D11-00A0C91BC942}") = "StaticLibraryWithoutSourceCode", "StaticLibraryWithoutSourceCode\StaticLibraryWithoutSourceCode.vcxproj", "{54BEB06C-CE25-4055-9FFE-4B8B7078F03A}"
EndProject
Global
	GlobalSection(SolutionConfigurationPlatforms) = preSolution
		Debug|x64 = Debug|x64
		Debug|x86 = Debug|x86
		Release|x64 = Release|x64
		Release|x86 = Release|x86
	EndGlobalSection
	GlobalSection(ProjectConfigurationPlatforms) = postSolution
		{C7CD7E7E-A4EC-478A-8328-13D2DC681CD8}.Debug|x64.ActiveCfg = Debug|x64
		{C7CD7E7E-A4EC-478A-8328-13D2DC681CD8}.Debug|x64.Build.0 = Debug|x64
		{C7CD7E7E-A4EC-478A-8328-13D2DC681CD8}.Debug|x86.ActiveCfg = Debug|Win32
		{C7CD7E7E-A4EC-478A-8328-13D2DC681CD8}.Debug|x86.Build.0 = Debug|Win32
		{C7CD7E7E-A4EC-478A-8328-13D2DC681CD8}.Release|x64.ActiveCfg = Release|x64
		{C7CD7E7E-A4EC-478A-8328-13D2DC681CD8}.Release|x64.Build.0 = Release|x64
		{C7CD7E7E-A4EC-478A-8328-13D2DC681CD8}.Release|x86.ActiveCfg = Release|Win32
		{C7CD7E7E-A4EC-478A-8328-13D2DC681CD8}.Release|x86.Build.0 = Release|Win32
		{158CC441-198F-473A-B865-322CBFDF66DB}.Debug|x64.ActiveCfg = Debug|x64
		{158CC441-198F-473A-B865-322CBFDF66DB}.Debug|x64.Build.0 = Debug|x64
		{158CC441-198F-473A-B865-322CBFDF66DB}.Debug|x86.ActiveCfg = Debug|Win32
		{158CC441-198F-473A-B865-322CBFDF66DB}.Debug|x86.Build.0 = Debug|Win32
		{158CC441-198F-473A-B865-322CBFDF66DB}.Release|x64.ActiveCfg = Release|x64
		{158CC441-198F-473A-B865-322CBFDF66DB}.Release|x64.Build.0 = Release|x64
		{158CC441-198F-473A-B865-322CBFDF66DB}.Release|x86.ActiveCfg = Release|Win32
		{158CC441-198F-473A-B865-322CBFDF66DB}.Release|x86.Build.0 = Release|Win32
		{54BEB06C-CE25-4055-9FFE-4B8B7078F03A}.Debug|x64.ActiveCfg = Debug|x64
		{54BEB06C-CE25-4055-9FFE-4B8B7078F03A}.Debug|x64.Build.0 = Debug|x64
		{54BEB06C-CE25-4055-9FFE-4B8B7078F03A}.Debug|x86.ActiveCfg = Debug|Win32
		{54BEB06C-CE25-4055-9FFE-4B8B7078F03A}.Debug|x86.Build.0 = Debug|Win32
		{54BEB06C-CE25-4055-9FFE-4B8B7078F03A}.Release|x64.ActiveCfg = Release|x64
		{54BEB06C-CE25-4055-9FFE-4B8B7078F03A}.Release|x64.Build.0 = Release|x64
		{54BEB06C-CE25-4055-9FFE-4B8B7078F03A}.Release|x86.ActiveCfg = Release|Win32
		{54BEB06C-CE25-4055-9FFE-4B8B7078F03A}.Release|x86.Build.0 = Release|Win32
	EndGlobalSection
	GlobalSection(SolutionProperties) = preSolution
		HideSolutionNode = FALSE
	EndGlobalSection
	GlobalSection(ExtensibilityGlobals) = postSolution
		SolutionGuid = {5BA91B20-06E6-4459-8A7B-E024430B7B40}
	EndGlobalSection
EndGlobal
